# This file is automatically @generated by Wally.
# It is not intended for manual editing.
registry = "test"

[[package]]
name = "dante/parabola"
version = "0.1.0"
dependencies = [["janitor", "howmanysmall/janitor@1.18.3"], ["smartbone-2", "jakeywastaken/smartbone-2@0.5.2"]]

[[package]]
name = "evaera/promise"
version = "4.0.0"
dependencies = []

[[package]]
name = "howmanysmall/janitor"
version = "1.18.3"
dependencies = [["Promise", "howmanysmall/typed-promise@4.0.6"]]

[[package]]
name = "howmanysmall/typed-promise"
version = "4.0.6"
dependencies = [["Promise", "evaera/promise@4.0.0"]]

[[package]]
name = "jakeywastaken/smartbone-2"
version = "0.5.2"
dependencies = []
